
Microsoft Visual Studio Solution File, Format Version 12.00
# Visual Studio 15
VisualStudioVersion = 15.0.27428.2037
MinimumVisualStudioVersion = 10.0.40219.1
Project("{8BC9CEB8-8B4A-11D0-8D11-00A0C91BC942}") = "Histogram_moveR", "Histogram_moveR.vcxproj", "{D3798EA6-69DF-41BC-95BD-3B53CD4B8AE0}"
EndProject
Global
	GlobalSection(SolutionConfigurationPlatforms) = preSolution
		Debug|x64 = Debug|x64
		Debug|x86 = Debug|x86
		Release|x64 = Release|x64
		Release|x86 = Release|x86
	EndGlobalSection
	GlobalSection(ProjectConfigurationPlatforms) = postSolution
		{D3798EA6-69DF-41BC-95BD-3B53CD4B8AE0}.Debug|x64.ActiveCfg = Debug|x64
		{D3798EA6-69DF-41BC-95BD-3B53CD4B8AE0}.Debug|x64.Build.0 = Debug|x64
		{D3798EA6-69DF-41BC-95BD-3B53CD4B8AE0}.Debug|x86.ActiveCfg = Debug|Win32
		{D3798EA6-69DF-41BC-95BD-3B53CD4B8AE0}.Debug|x86.Build.0 = Debug|Win32
		{D3798EA6-69DF-41BC-95BD-3B53CD4B8AE0}.Release|x64.ActiveCfg = Release|x64
		{D3798EA6-69DF-41BC-95BD-3B53CD4B8AE0}.Release|x64.Build.0 = Release|x64
		{D3798EA6-69DF-41BC-95BD-3B53CD4B8AE0}.Release|x86.ActiveCfg = Release|Win32
		{D3798EA6-69DF-41BC-95BD-3B53CD4B8AE0}.Release|x86.Build.0 = Release|Win32
	EndGlobalSection
	GlobalSection(SolutionProperties) = preSolution
		HideSolutionNode = FALSE
	EndGlobalSection
	GlobalSection(ExtensibilityGlobals) = postSolution
		SolutionGuid = {3C9F8E31-A425-404C-A8AF-50BE1551772F}
	EndGlobalSection
EndGlobal
